// !$*UTF8*$!
{
	archiveVersion = 1;
	classes = {
	};
	objectVersion = 46;
	objects = {

/* Begin PBXBuildFile section */
		E4D16D251E158B480048226A /* AppDelegate.swift in Sources */ = {isa = PBXBuildFile; fileRef = E4D16D241E158B480048226A /* AppDelegate.swift */; };
		E4D16D271E158B480048226A /* ViewController.swift in Sources */ = {isa = PBXBuildFile; fileRef = E4D16D261E158B480048226A /* ViewController.swift */; };
		E4D16D2A1E158B480048226A /* Main.storyboard in Resources */ = {isa = PBXBuildFile; fileRef = E4D16D281E158B480048226A /* Main.storyboard */; };
		E4D16D2D1E158B480048226A /* TapMeFast.xcdatamodeld in Sources */ = {isa = PBXBuildFile; fileRef = E4D16D2B1E158B480048226A /* TapMeFast.xcdatamodeld */; };
		E4D16D2F1E158B480048226A /* Assets.xcassets in Resources */ = {isa = PBXBuildFile; fileRef = E4D16D2E1E158B480048226A /* Assets.xcassets */; };
		E4D16D321E158B480048226A /* LaunchScreen.storyboard in Resources */ = {isa = PBXBuildFile; fileRef = E4D16D301E158B480048226A /* LaunchScreen.storyboard */; };
		E4D16D3A1E158B820048226A /* ObelixProB.ttf in Resources */ = {isa = PBXBuildFile; fileRef = E4D16D391E158B820048226A /* ObelixProB.ttf */; };
/* End PBXBuildFile section */

/* Begin PBXFileReference section */
		E4D16D211E158B480048226A /* TapMeFast.app */ = {isa = PBXFileReference; explicitFileType = wrapper.application; includeInIndex = 0; path = TapMeFast.app; sourceTree = BUILT_PRODUCTS_DIR; };
		E4D16D241E158B480048226A /* AppDelegate.swift */ = {isa = PBXFileReference; lastKnownFileType = sourcecode.swift; path = AppDelegate.swift; sourceTree = "<group>"; };
		E4D16D261E158B480048226A /* ViewController.swift */ = {isa = PBXFileReference; lastKnownFileType = sourcecode.swift; path = ViewController.swift; sourceTree = "<group>"; };
		E4D16D291E158B480048226A /* Base */ = {isa = PBXFileReference; lastKnownFileType = file.storyboard; name = Base; path = Base.lproj/Main.storyboard; sourceTree = "<group>"; };
		E4D16D2C1E158B480048226A /* TapMeFast.xcdatamodel */ = {isa = PBXFileReference; lastKnownFileType = wrapper.xcdatamodel; path = TapMeFast.xcdatamodel; sourceTree = "<group>"; };
		E4D16D2E1E158B480048226A /* Assets.xcassets */ = {isa = PBXFileReference; lastKnownFileType = folder.assetcatalog; path = Assets.xcassets; sourceTree = "<group>"; };
		E4D16D311E158B480048226A /* Base */ = {isa = PBXFileReference; lastKnownFileType = file.storyboard; name = Base; path = Base.lproj/LaunchScreen.storyboard; sourceTree = "<group>"; };
		E4D16D331E158B480048226A /* Info.plist */ = {isa = PBXFileReference; lastKnownFileType = text.plist.xml; path = Info.plist; sourceTree = "<group>"; };
		E4D16D391E158B820048226A /* ObelixProB.ttf */ = {isa = PBXFileReference; lastKnownFileType = file; path = ObelixProB.ttf; sourceTree = "<group>"; };
/* End PBXFileReference section */

/* Begin PBXFrameworksBuildPhase section */
		E4D16D1E1E158B470048226A /* Frameworks */ = {
			isa = PBXFrameworksBuildPhase;
			buildActionMask = 2147483647;
			files = (
			);
			runOnlyForDeploymentPostprocessing = 0;
		};
/* End PBXFrameworksBuildPhase section */

/* Begin PBXGroup section */
		E4D16D181E158B470048226A = {
			isa = PBXGroup;
			children = (
				E4D16D231E158B480048226A /* TapMeFast */,
				E4D16D221E158B480048226A /* Products */,
			);
			sourceTree = "<group>";
		};
		E4D16D221E158B480048226A /* Products */ = {
			isa = PBXGroup;
			children = (
				E4D16D211E158B480048226A /* TapMeFast.app */,
			);
			name = Products;
			sourceTree = "<group>";
		};
		E4D16D231E158B480048226A /* TapMeFast */ = {
			isa = PBXGroup;
			children = (
				E4D16D241E158B480048226A /* AppDelegate.swift */,
				E4D16D261E158B480048226A /* ViewController.swift */,
				E4D16D281E158B480048226A /* Main.storyboard */,
				E4D16D2E1E158B480048226A /* Assets.xcassets */,
				E4D16D301E158B480048226A /* LaunchScreen.storyboard */,
				E4D16D331E158B480048226A /* Info.plist */,
				E4D16D391E158B820048226A /* ObelixProB.ttf */,
				E4D16D2B1E158B480048226A /* TapMeFast.xcdatamodeld */,
			);
			path = TapMeFast;
			sourceTree = "<group>";
		};
/* End PBXGroup section */

/* Begin PBXNativeTarget section */
		E4D16D201E158B470048226A /* TapMeFast */ = {
			isa = PBXNativeTarget;
			buildConfigurationList = E4D16D361E158B480048226A /* Build configuration list for PBXNativeTarget "TapMeFast" */;
			buildPhases = (
				E4D16D1D1E158B470048226A /* Sources */,
				E4D16D1E1E158B470048226A /* Frameworks */,
				E4D16D1F1E158B470048226A /* Resources */,
			);
			buildRules = (
			);
			dependencies = (
			);
			name = TapMeFast;
			productName = TapMeFast;
			productReference = E4D16D211E158B480048226A /* TapMeFast.app */;
			productType = "com.apple.product-type.application";
		};
/* End PBXNativeTarget section */

/* Begin PBXProject section */
		E4D16D191E158B470048226A /* Project object */ = {
			isa = PBXProject;
			attributes = {
				LastSwiftUpdateCheck = 0820;
				LastUpgradeCheck = 0820;
				ORGANIZATIONNAME = "Shane Noonan";
				TargetAttributes = {
					E4D16D201E158B470048226A = {
						CreatedOnToolsVersion = 8.2.1;
						DevelopmentTeam = SVB42GEJG6;
						ProvisioningStyle = Automatic;
					};
				};
			};
			buildConfigurationList = E4D16D1C1E158B470048226A /* Build configuration list for PBXProject "TapMeFast" */;
			compatibilityVersion = "Xcode 3.2";
			developmentRegion = English;
			hasScannedForEncodings = 0;
			knownRegions = (
				en,
				Base,
			);
			mainGroup = E4D16D181E158B470048226A;
			productRefGroup = E4D16D221E158B480048226A /* Products */;
			projectDirPath = "";
			projectRoot = "";
			targets = (
				E4D16D201E158B470048226A /* TapMeFast */,
			);
		};
/* End PBXProject section */

/* Begin PBXResourcesBuildPhase section */
		E4D16D1F1E158B470048226A /* Resources */ = {
			isa = PBXResourcesBuildPhase;
			buildActionMask = 2147483647;
			files = (
				E4D16D3A1E158B820048226A /* ObelixProB.ttf in Resources */,
				E4D16D321E158B480048226A /* LaunchScreen.storyboard in Resources */,
				E4D16D2F1E158B480048226A /* Assets.xcassets in Resources */,
				E4D16D2A1E158B480048226A /* Main.storyboard in Resources */,
			);
			runOnlyForDeploymentPostprocessing = 0;
		};
/* End PBXResourcesBuildPhase section */

/* Begin PBXSourcesBuildPhase section */
		E4D16D1D1E158B470048226A /* Sources */ = {
			isa = PBXSourcesBuildPhase;
			buildActionMask = 2147483647;
			files = (
				E4D16D271E158B480048226A /* ViewController.swift in Sources */,
				E4D16D251E158B480048226A /* AppDelegate.swift in Sources */,
				E4D16D2D1E158B480048226A /* TapMeFast.xcdatamodeld in Sources */,
			);
			runOnlyForDeploymentPostprocessing = 0;
		};
/* End PBXSourcesBuildPhase section */

/* Begin PBXVariantGroup section */
		E4D16D281E158B480048226A /* Main.storyboard */ = {
			isa = PBXVariantGroup;
			children = (
				E4D16D291E158B480048226A /* Base */,
			);
			name = Main.storyboard;
			sourceTree = "<group>";
		};
		E4D16D301E158B480048226A /* LaunchScreen.storyboard */ = {
			isa = PBXVariantGroup;
			children = (
				E4D16D311E158B480048226A /* Base */,
			);
			name = LaunchScreen.storyboard;
			sourceTree = "<group>";
		};
/* End PBXVariantGroup section */

/* Begin XCBuildConfiguration section */
		E4D16D341E158B480048226A /* Debug */ = {
			isa = XCBuildConfiguration;
			buildSettings = {
				ALWAYS_SEARCH_USER_PATHS = NO;
				CLANG_ANALYZER_NONNULL = YES;
				CLANG_CXX_LANGUAGE_STANDARD = "gnu++0x";
				CLANG_CXX_LIBRARY = "libc++";
				CLANG_ENABLE_MODULES = YES;
				CLANG_ENABLE_OBJC_ARC = YES;
				CLANG_WARN_BOOL_CONVERSION = YES;
				CLANG_WARN_CONSTANT_CONVERSION = YES;
				CLANG_WARN_DIRECT_OBJC_ISA_USAGE = YES_ERROR;
				CLANG_WARN_DOCUMENTATION_COMMENTS = YES;
				CLANG_WARN_EMPTY_BODY = YES;
				CLANG_WARN_ENUM_CONVERSION = YES;
				CLANG_WARN_INFINITE_RECURSION = YES;
				CLANG_WARN_INT_CONVERSION = YES;
				CLANG_WARN_OBJC_ROOT_CLASS = YES_ERROR;
				CLANG_WARN_SUSPICIOUS_MOVE = YES;
				CLANG_WARN_UNREACHABLE_CODE = YES;
				CLANG_WARN__DUPLICATE_METHOD_MATCH = YES;
				"CODE_SIGN_IDENTITY[sdk=iphoneos*]" = "iPhone Developer";
				COPY_PHASE_STRIP = NO;
				DEBUG_INFORMATION_FORMAT = dwarf;
				ENABLE_STRICT_OBJC_MSGSEND = YES;
				ENABLE_TESTABILITY = YES;
				GCC_C_LANGUAGE_STANDARD = gnu99;
				GCC_DYNAMIC_NO_PIC = NO;
				GCC_NO_COMMON_BLOCKS = YES;
				GCC_OPTIMIZATION_LEVEL = 0;
				GCC_PREPROCESSOR_DEFINITIONS = (
					"DEBUG=1",
					"$(inherited)",
				);
				GCC_WARN_64_TO_32_BIT_CONVERSION = YES;
				GCC_WARN_ABOUT_RETURN_TYPE = YES_ERROR;
				GCC_WARN_UNDECLARED_SELECTOR = YES;
				GCC_WARN_UNINITIALIZED_AUTOS = YES_AGGRESSIVE;
				GCC_WARN_UNUSED_FUNCTION = YES;
				GCC_WARN_UNUSED_VARIABLE = YES;
				IPHONEOS_DEPLOYMENT_TARGET = 10.2;
				MTL_ENABLE_DEBUG_INFO = YES;
				ONLY_ACTIVE_ARCH = YES;
				SDKROOT = iphoneos;
				SWIFT_ACTIVE_COMPILATION_CONDITIONS = DEBUG;
				SWIFT_OPTIMIZATION_LEVEL = "-Onone";
				TARGETED_DEVICE_FAMILY = "1,2";
			};
			name = Debug;
		};
		E4D16D351E158B480048226A /* Release */ = {
			isa = XCBuildConfiguration;
			buildSettings = {
				ALWAYS_SEARCH_USER_PATHS = NO;
				CLANG_ANALYZER_NONNULL = YES;
				CLANG_CXX_LANGUAGE_STANDARD = "gnu++0x";
				CLANG_CXX_LIBRARY = "libc++";
				CLANG_ENABLE_MODULES = YES;
				CLANG_ENABLE_OBJC_ARC = YES;
				CLANG_WARN_BOOL_CONVERSION = YES;
				CLANG_WARN_CONSTANT_CONVERSION = YES;
				CLANG_WARN_DIRECT_OBJC_ISA_USAGE = YES_ERROR;
				CLANG_WARN_DOCUMENTATION_COMMENTS = YES;
				CLANG_WARN_EMPTY_BODY = YES;
				CLANG_WARN_ENUM_CONVERSION = YES;
				CLANG_WARN_INFINITE_RECURSION = YES;
				CLANG_WARN_INT_CONVERSION = YES;
				CLANG_WARN_OBJC_ROOT_CLASS = YES_ERROR;
				CLANG_WARN_SUSPICIOUS_MOVE = YES;
				CLANG_WARN_UNREACHABLE_CODE = YES;
				CLANG_WARN__DUPLICATE_METHOD_MATCH = YES;
				"CODE_SIGN_IDENTITY[sdk=iphoneos*]" = "iPhone Developer";
				COPY_PHASE_STRIP = NO;
				DEBUG_INFORMATION_FORMAT = "dwarf-with-dsym";
				ENABLE_NS_ASSERTIONS = NO;
				ENABLE_STRICT_OBJC_MSGSEND = YES;
				GCC_C_LANGUAGE_STANDARD = gnu99;
				GCC_NO_COMMON_BLOCKS = YES;
				GCC_WARN_64_TO_32_BIT_CONVERSION = YES;
				GCC_WARN_ABOUT_RETURN_TYPE = YES_ERROR;
				GCC_WARN_UNDECLARED_SELECTOR = YES;
				GCC_WARN_UNINITIALIZED_AUTOS = YES_AGGRESSIVE;
				GCC_WARN_UNUSED_FUNCTION = YES;
				GCC_WARN_UNUSED_VARIABLE = YES;
				IPHONEOS_DEPLOYMENT_TARGET = 10.2;
				MTL_ENABLE_DEBUG_INFO = NO;
				SDKROOT = iphoneos;
				SWIFT_OPTIMIZATION_LEVEL = "-Owholemodule";
				TARGETED_DEVICE_FAMILY = "1,2";
				VALIDATE_PRODUCT = YES;
			};
			name = Release;
		};
		E4D16D371E158B480048226A /* Debug */ = {
			isa = XCBuildConfiguration;
			buildSettings = {
				ASSETCATALOG_COMPILER_APPICON_NAME = AppIcon;
				DEVELOPMENT_TEAM = SVB42GEJG6;
				INFOPLIST_FILE = TapMeFast/Info.plist;
				LD_RUNPATH_SEARCH_PATHS = "$(inherited) @executable_path/Frameworks";
				PRODUCT_BUNDLE_IDENTIFIER = ShaneNoonan.TapMeFast;
				PRODUCT_NAME = "$(TARGET_NAME)";
				SWIFT_VERSION = 3.0;
			};
			name = Debug;
		};
		E4D16D381E158B480048226A /* Release */ = {
			isa = XCBuildConfiguration;
			buildSettings = {
				ASSETCATALOG_COMPILER_APPICON_NAME = AppIcon;
				DEVELOPMENT_TEAM = SVB42GEJG6;
				INFOPLIST_FILE = TapMeFast/Info.plist;
				LD_RUNPATH_SEARCH_PATHS = "$(inherited) @executable_path/Frameworks";
				PRODUCT_BUNDLE_IDENTIFIER = ShaneNoonan.TapMeFast;
				PRODUCT_NAME = "$(TARGET_NAME)";
				SWIFT_VERSION = 3.0;
			};
			name = Release;
		};
/* End XCBuildConfiguration section */

/* Begin XCConfigurationList section */
		E4D16D1C1E158B470048226A /* Build configuration list for PBXProject "TapMeFast" */ = {
			isa = XCConfigurationList;
			buildConfigurations = (
				E4D16D341E158B480048226A /* Debug */,
				E4D16D351E158B480048226A /* Release */,
			);
			defaultConfigurationIsVisible = 0;
			defaultConfigurationName = Release;
		};
		E4D16D361E158B480048226A /* Build configuration list for PBXNativeTarget "TapMeFast" */ = {
			isa = XCConfigurationList;
			buildConfigurations = (
				E4D16D371E158B480048226A /* Debug */,
				E4D16D381E158B480048226A /* Release */,
			);
			defaultConfigurationIsVisible = 0;
		};
/* End XCConfigurationList section */

/* Begin XCVersionGroup section */
		E4D16D2B1E158B480048226A /* TapMeFast.xcdatamodeld */ = {
			isa = XCVersionGroup;
			children = (
				E4D16D2C1E158B480048226A /* TapMeFast.xcdatamodel */,
			);
			currentVersion = E4D16D2C1E158B480048226A /* TapMeFast.xcdatamodel */;
			path = TapMeFast.xcdatamodeld;
			sourceTree = "<group>";
			versionGroupType = wrapper.xcdatamodel;
		};
/* End XCVersionGroup section */
	};
	rootObject = E4D16D191E158B470048226A /* Project object */;
}
